
Microsoft Visual Studio Solution File, Format Version 12.00
# Visual Studio Version 16
VisualStudioVersion = 16.0.31112.23
MinimumVisualStudioVersion = 10.0.40219.1
Project("{FAE04EC0-301F-11D3-BF4B-00C04F79EFBC}") = "Ex03.GarageLogic", "Logic\Ex03.GarageLogic.csproj", "{27546408-55E6-4D7E-9AD8-8A91A1948B90}"
EndProject
Project("{FAE04EC0-301F-11D3-BF4B-00C04F79EFBC}") = "Ex03.ConsoleUI", "UI\Ex03.ConsoleUI.csproj", "{8EFD9B7A-EDDC-4BFD-B74C-8538F2C2EA27}"
EndProject
Global
	GlobalSection(SolutionConfigurationPlatforms) = preSolution
		Debug|Any CPU = Debug|Any CPU
		Release|Any CPU = Release|Any CPU
	EndGlobalSection
	GlobalSection(ProjectConfigurationPlatforms) = postSolution
		{27546408-55E6-4D7E-9AD8-8A91A1948B90}.Debug|Any CPU.ActiveCfg = Debug|Any CPU
		{27546408-55E6-4D7E-9AD8-8A91A1948B90}.Debug|Any CPU.Build.0 = Debug|Any CPU
		{27546408-55E6-4D7E-9AD8-8A91A1948B90}.Release|Any CPU.ActiveCfg = Release|Any CPU
		{27546408-55E6-4D7E-9AD8-8A91A1948B90}.Release|Any CPU.Build.0 = Release|Any CPU
		{8EFD9B7A-EDDC-4BFD-B74C-8538F2C2EA27}.Debug|Any CPU.ActiveCfg = Debug|Any CPU
		{8EFD9B7A-EDDC-4BFD-B74C-8538F2C2EA27}.Debug|Any CPU.Build.0 = Debug|Any CPU
		{8EFD9B7A-EDDC-4BFD-B74C-8538F2C2EA27}.Release|Any CPU.ActiveCfg = Release|Any CPU
		{8EFD9B7A-EDDC-4BFD-B74C-8538F2C2EA27}.Release|Any CPU.Build.0 = Release|Any CPU
	EndGlobalSection
	GlobalSection(SolutionProperties) = preSolution
		HideSolutionNode = FALSE
	EndGlobalSection
	GlobalSection(ExtensibilityGlobals) = postSolution
		SolutionGuid = {28D98F7A-C59A-4C64-9C28-CBB4C1CF61DA}
	EndGlobalSection
EndGlobal
